// !$*UTF8*$!
{
	archiveVersion = 1;
	classes = {
	};
	objectVersion = 56;
	objects = {

/* Begin PBXBuildFile section */
		EA5F95922C4D41070070B641 /* CGImage+Extensions.swift in Sources */ = {isa = PBXBuildFile; fileRef = EA5F95912C4D41070070B641 /* CGImage+Extensions.swift */; };
		EA5F95942C4E911B0070B641 /* WeatherEffectConfigurable.swift in Sources */ = {isa = PBXBuildFile; fileRef = EA5F95932C4E911B0070B641 /* WeatherEffectConfigurable.swift */; };
		EA5F95962C4E94C60070B641 /* WeatherEffectLayer.swift in Sources */ = {isa = PBXBuildFile; fileRef = EA5F95952C4E94C60070B641 /* WeatherEffectLayer.swift */; };
		EA5F95992C4EA0E70070B641 /* RainEvent.swift in Sources */ = {isa = PBXBuildFile; fileRef = EA5F95982C4EA0E70070B641 /* RainEvent.swift */; };
		EA5F959B2C4EAA980070B641 /* HeavyRainEvent.swift in Sources */ = {isa = PBXBuildFile; fileRef = EA5F959A2C4EAA980070B641 /* HeavyRainEvent.swift */; };
		EA5F959D2C4EBFFF0070B641 /* CloudyEvent.swift in Sources */ = {isa = PBXBuildFile; fileRef = EA5F959C2C4EBFFF0070B641 /* CloudyEvent.swift */; };
		EA5F959F2C4EC29F0070B641 /* StormEvent.swift in Sources */ = {isa = PBXBuildFile; fileRef = EA5F959E2C4EC29F0070B641 /* StormEvent.swift */; };
		EA5F95A12C4EC3580070B641 /* SnowEvent.swift in Sources */ = {isa = PBXBuildFile; fileRef = EA5F95A02C4EC3580070B641 /* SnowEvent.swift */; };
		EA5F95A32C4EC3FC0070B641 /* SnowWithRainEvent.swift in Sources */ = {isa = PBXBuildFile; fileRef = EA5F95A22C4EC3FC0070B641 /* SnowWithRainEvent.swift */; };
		EA5F95A52C4EC4BE0070B641 /* BlizzardEvent.swift in Sources */ = {isa = PBXBuildFile; fileRef = EA5F95A42C4EC4BE0070B641 /* BlizzardEvent.swift */; };
		EA5F95A72C4EC5810070B641 /* FogEvent.swift in Sources */ = {isa = PBXBuildFile; fileRef = EA5F95A62C4EC5810070B641 /* FogEvent.swift */; };
		EA5F95A92C4EC61F0070B641 /* WindyEvent.swift in Sources */ = {isa = PBXBuildFile; fileRef = EA5F95A82C4EC61F0070B641 /* WindyEvent.swift */; };
		EA5F95AB2C4ED9530070B641 /* ClearEvent.swift in Sources */ = {isa = PBXBuildFile; fileRef = EA5F95AA2C4ED9530070B641 /* ClearEvent.swift */; };
		EAD8FCB62C4B9B1000D997A2 /* AppDelegate.swift in Sources */ = {isa = PBXBuildFile; fileRef = EAD8FCB52C4B9B1000D997A2 /* AppDelegate.swift */; };
		EAD8FCB82C4B9B1000D997A2 /* SceneDelegate.swift in Sources */ = {isa = PBXBuildFile; fileRef = EAD8FCB72C4B9B1000D997A2 /* SceneDelegate.swift */; };
		EAD8FCBA2C4B9B1000D997A2 /* WeatherEventsController.swift in Sources */ = {isa = PBXBuildFile; fileRef = EAD8FCB92C4B9B1000D997A2 /* WeatherEventsController.swift */; };
		EAD8FCBF2C4B9B1700D997A2 /* Assets.xcassets in Resources */ = {isa = PBXBuildFile; fileRef = EAD8FCBE2C4B9B1700D997A2 /* Assets.xcassets */; };
		EAD8FCC22C4B9B1700D997A2 /* Base in Resources */ = {isa = PBXBuildFile; fileRef = EAD8FCC12C4B9B1700D997A2 /* Base */; };
		EAD8FCD12C4BA22700D997A2 /* Localizable.strings in Resources */ = {isa = PBXBuildFile; fileRef = EAD8FCCF2C4BA22700D997A2 /* Localizable.strings */; };
		EAD8FCD52C4BC2B000D997A2 /* LocalizableStrings.swift in Sources */ = {isa = PBXBuildFile; fileRef = EAD8FCD42C4BC2B000D997A2 /* LocalizableStrings.swift */; };
		EAD8FCD82C4BE0A100D997A2 /* WeatherEvents.swift in Sources */ = {isa = PBXBuildFile; fileRef = EAD8FCD72C4BE0A100D997A2 /* WeatherEvents.swift */; };
		EAD8FCDA2C4C059600D997A2 /* WeatherEventCell.swift in Sources */ = {isa = PBXBuildFile; fileRef = EAD8FCD92C4C059600D997A2 /* WeatherEventCell.swift */; };
		EAD8FCDF2C4C160800D997A2 /* UIFont+Extensions.swift in Sources */ = {isa = PBXBuildFile; fileRef = EAD8FCDE2C4C160800D997A2 /* UIFont+Extensions.swift */; };
		EAD8FCE12C4C1C0700D997A2 /* ColorConstants.swift in Sources */ = {isa = PBXBuildFile; fileRef = EAD8FCE02C4C1C0700D997A2 /* ColorConstants.swift */; };
/* End PBXBuildFile section */

/* Begin PBXFileReference section */
		EA5F95912C4D41070070B641 /* CGImage+Extensions.swift */ = {isa = PBXFileReference; lastKnownFileType = sourcecode.swift; path = "CGImage+Extensions.swift"; sourceTree = "<group>"; };
		EA5F95932C4E911B0070B641 /* WeatherEffectConfigurable.swift */ = {isa = PBXFileReference; lastKnownFileType = sourcecode.swift; path = WeatherEffectConfigurable.swift; sourceTree = "<group>"; };
		EA5F95952C4E94C60070B641 /* WeatherEffectLayer.swift */ = {isa = PBXFileReference; lastKnownFileType = sourcecode.swift; path = WeatherEffectLayer.swift; sourceTree = "<group>"; };
		EA5F95982C4EA0E70070B641 /* RainEvent.swift */ = {isa = PBXFileReference; lastKnownFileType = sourcecode.swift; path = RainEvent.swift; sourceTree = "<group>"; };
		EA5F959A2C4EAA980070B641 /* HeavyRainEvent.swift */ = {isa = PBXFileReference; lastKnownFileType = sourcecode.swift; path = HeavyRainEvent.swift; sourceTree = "<group>"; };
		EA5F959C2C4EBFFF0070B641 /* CloudyEvent.swift */ = {isa = PBXFileReference; lastKnownFileType = sourcecode.swift; path = CloudyEvent.swift; sourceTree = "<group>"; };
		EA5F959E2C4EC29F0070B641 /* StormEvent.swift */ = {isa = PBXFileReference; lastKnownFileType = sourcecode.swift; path = StormEvent.swift; sourceTree = "<group>"; };
		EA5F95A02C4EC3580070B641 /* SnowEvent.swift */ = {isa = PBXFileReference; lastKnownFileType = sourcecode.swift; path = SnowEvent.swift; sourceTree = "<group>"; };
		EA5F95A22C4EC3FC0070B641 /* SnowWithRainEvent.swift */ = {isa = PBXFileReference; lastKnownFileType = sourcecode.swift; path = SnowWithRainEvent.swift; sourceTree = "<group>"; };
		EA5F95A42C4EC4BE0070B641 /* BlizzardEvent.swift */ = {isa = PBXFileReference; lastKnownFileType = sourcecode.swift; path = BlizzardEvent.swift; sourceTree = "<group>"; };
		EA5F95A62C4EC5810070B641 /* FogEvent.swift */ = {isa = PBXFileReference; lastKnownFileType = sourcecode.swift; path = FogEvent.swift; sourceTree = "<group>"; };
		EA5F95A82C4EC61F0070B641 /* WindyEvent.swift */ = {isa = PBXFileReference; lastKnownFileType = sourcecode.swift; path = WindyEvent.swift; sourceTree = "<group>"; };
		EA5F95AA2C4ED9530070B641 /* ClearEvent.swift */ = {isa = PBXFileReference; lastKnownFileType = sourcecode.swift; path = ClearEvent.swift; sourceTree = "<group>"; };
		EAD8FCB22C4B9B1000D997A2 /* WeatherEffects.app */ = {isa = PBXFileReference; explicitFileType = wrapper.application; includeInIndex = 0; path = WeatherEffects.app; sourceTree = BUILT_PRODUCTS_DIR; };
		EAD8FCB52C4B9B1000D997A2 /* AppDelegate.swift */ = {isa = PBXFileReference; lastKnownFileType = sourcecode.swift; path = AppDelegate.swift; sourceTree = "<group>"; };
		EAD8FCB72C4B9B1000D997A2 /* SceneDelegate.swift */ = {isa = PBXFileReference; lastKnownFileType = sourcecode.swift; path = SceneDelegate.swift; sourceTree = "<group>"; };
		EAD8FCB92C4B9B1000D997A2 /* WeatherEventsController.swift */ = {isa = PBXFileReference; lastKnownFileType = sourcecode.swift; path = WeatherEventsController.swift; sourceTree = "<group>"; };
		EAD8FCBE2C4B9B1700D997A2 /* Assets.xcassets */ = {isa = PBXFileReference; lastKnownFileType = folder.assetcatalog; path = Assets.xcassets; sourceTree = "<group>"; };
		EAD8FCC12C4B9B1700D997A2 /* Base */ = {isa = PBXFileReference; lastKnownFileType = file.storyboard; name = Base; path = Base.lproj/LaunchScreen.storyboard; sourceTree = "<group>"; };
		EAD8FCC32C4B9B1700D997A2 /* Info.plist */ = {isa = PBXFileReference; lastKnownFileType = text.plist.xml; path = Info.plist; sourceTree = "<group>"; };
		EAD8FCD02C4BA22700D997A2 /* en */ = {isa = PBXFileReference; lastKnownFileType = text.plist.strings; name = en; path = en.lproj/Localizable.strings; sourceTree = "<group>"; };
		EAD8FCD22C4BA35B00D997A2 /* ru */ = {isa = PBXFileReference; lastKnownFileType = text.plist.strings; name = ru; path = ru.lproj/LaunchScreen.strings; sourceTree = "<group>"; };
		EAD8FCD32C4BA35B00D997A2 /* ru */ = {isa = PBXFileReference; lastKnownFileType = text.plist.strings; name = ru; path = ru.lproj/Localizable.strings; sourceTree = "<group>"; };
		EAD8FCD42C4BC2B000D997A2 /* LocalizableStrings.swift */ = {isa = PBXFileReference; lastKnownFileType = sourcecode.swift; path = LocalizableStrings.swift; sourceTree = "<group>"; };
		EAD8FCD72C4BE0A100D997A2 /* WeatherEvents.swift */ = {isa = PBXFileReference; lastKnownFileType = sourcecode.swift; path = WeatherEvents.swift; sourceTree = "<group>"; };
		EAD8FCD92C4C059600D997A2 /* WeatherEventCell.swift */ = {isa = PBXFileReference; lastKnownFileType = sourcecode.swift; path = WeatherEventCell.swift; sourceTree = "<group>"; };
		EAD8FCDE2C4C160800D997A2 /* UIFont+Extensions.swift */ = {isa = PBXFileReference; lastKnownFileType = sourcecode.swift; path = "UIFont+Extensions.swift"; sourceTree = "<group>"; };
		EAD8FCE02C4C1C0700D997A2 /* ColorConstants.swift */ = {isa = PBXFileReference; lastKnownFileType = sourcecode.swift; path = ColorConstants.swift; sourceTree = "<group>"; };
/* End PBXFileReference section */

/* Begin PBXFrameworksBuildPhase section */
		EAD8FCAF2C4B9B1000D997A2 /* Frameworks */ = {
			isa = PBXFrameworksBuildPhase;
			buildActionMask = 2147483647;
			files = (
			);
			runOnlyForDeploymentPostprocessing = 0;
		};
/* End PBXFrameworksBuildPhase section */

/* Begin PBXGroup section */
		EA5F95972C4EA0D40070B641 /* WeatherEvents */ = {
			isa = PBXGroup;
			children = (
				EA5F95AA2C4ED9530070B641 /* ClearEvent.swift */,
				EA5F95982C4EA0E70070B641 /* RainEvent.swift */,
				EA5F959A2C4EAA980070B641 /* HeavyRainEvent.swift */,
				EA5F959C2C4EBFFF0070B641 /* CloudyEvent.swift */,
				EA5F959E2C4EC29F0070B641 /* StormEvent.swift */,
				EA5F95A02C4EC3580070B641 /* SnowEvent.swift */,
				EA5F95A22C4EC3FC0070B641 /* SnowWithRainEvent.swift */,
				EA5F95A42C4EC4BE0070B641 /* BlizzardEvent.swift */,
				EA5F95A62C4EC5810070B641 /* FogEvent.swift */,
				EA5F95A82C4EC61F0070B641 /* WindyEvent.swift */,
			);
			path = WeatherEvents;
			sourceTree = "<group>";
		};
		EAD8FCA92C4B9B0F00D997A2 = {
			isa = PBXGroup;
			children = (
				EAD8FCB42C4B9B1000D997A2 /* WeatherEffects */,
				EAD8FCB32C4B9B1000D997A2 /* Products */,
			);
			sourceTree = "<group>";
		};
		EAD8FCB32C4B9B1000D997A2 /* Products */ = {
			isa = PBXGroup;
			children = (
				EAD8FCB22C4B9B1000D997A2 /* WeatherEffects.app */,
			);
			name = Products;
			sourceTree = "<group>";
		};
		EAD8FCB42C4B9B1000D997A2 /* WeatherEffects */ = {
			isa = PBXGroup;
			children = (
				EAD8FCC92C4B9F3400D997A2 /* MainFiles */,
				EAD8FCCB2C4B9FBB00D997A2 /* Modules */,
				EAD8FCCA2C4B9F7700D997A2 /* Resources */,
				EAD8FCDB2C4C14FD00D997A2 /* Extensions */,
			);
			path = WeatherEffects;
			sourceTree = "<group>";
		};
		EAD8FCC92C4B9F3400D997A2 /* MainFiles */ = {
			isa = PBXGroup;
			children = (
				EAD8FCC32C4B9B1700D997A2 /* Info.plist */,
				EAD8FCB52C4B9B1000D997A2 /* AppDelegate.swift */,
				EAD8FCB72C4B9B1000D997A2 /* SceneDelegate.swift */,
				EAD8FCC02C4B9B1700D997A2 /* LaunchScreen.storyboard */,
			);
			path = MainFiles;
			sourceTree = "<group>";
		};
		EAD8FCCA2C4B9F7700D997A2 /* Resources */ = {
			isa = PBXGroup;
			children = (
				EAD8FCBE2C4B9B1700D997A2 /* Assets.xcassets */,
				EAD8FCCF2C4BA22700D997A2 /* Localizable.strings */,
				EAD8FCD42C4BC2B000D997A2 /* LocalizableStrings.swift */,
				EAD8FCE02C4C1C0700D997A2 /* ColorConstants.swift */,
			);
			path = Resources;
			sourceTree = "<group>";
		};
		EAD8FCCB2C4B9FBB00D997A2 /* Modules */ = {
			isa = PBXGroup;
			children = (
				EAD8FCD62C4BE08C00D997A2 /* WeatherEventsScreen */,
			);
			path = Modules;
			sourceTree = "<group>";
		};
		EAD8FCD62C4BE08C00D997A2 /* WeatherEventsScreen */ = {
			isa = PBXGroup;
			children = (
				EA5F95972C4EA0D40070B641 /* WeatherEvents */,
				EAD8FCB92C4B9B1000D997A2 /* WeatherEventsController.swift */,
				EAD8FCD72C4BE0A100D997A2 /* WeatherEvents.swift */,
				EAD8FCD92C4C059600D997A2 /* WeatherEventCell.swift */,
				EA5F95932C4E911B0070B641 /* WeatherEffectConfigurable.swift */,
				EA5F95952C4E94C60070B641 /* WeatherEffectLayer.swift */,
			);
			path = WeatherEventsScreen;
			sourceTree = "<group>";
		};
		EAD8FCDB2C4C14FD00D997A2 /* Extensions */ = {
			isa = PBXGroup;
			children = (
				EAD8FCDE2C4C160800D997A2 /* UIFont+Extensions.swift */,
				EA5F95912C4D41070070B641 /* CGImage+Extensions.swift */,
			);
			path = Extensions;
			sourceTree = "<group>";
		};
/* End PBXGroup section */

/* Begin PBXNativeTarget section */
		EAD8FCB12C4B9B1000D997A2 /* WeatherEffects */ = {
			isa = PBXNativeTarget;
			buildConfigurationList = EAD8FCC62C4B9B1700D997A2 /* Build configuration list for PBXNativeTarget "WeatherEffects" */;
			buildPhases = (
				EAD8FCAE2C4B9B1000D997A2 /* Sources */,
				EAD8FCAF2C4B9B1000D997A2 /* Frameworks */,
				EAD8FCB02C4B9B1000D997A2 /* Resources */,
			);
			buildRules = (
			);
			dependencies = (
			);
			name = WeatherEffects;
			productName = WeatherEffects;
			productReference = EAD8FCB22C4B9B1000D997A2 /* WeatherEffects.app */;
			productType = "com.apple.product-type.application";
		};
/* End PBXNativeTarget section */

/* Begin PBXProject section */
		EAD8FCAA2C4B9B1000D997A2 /* Project object */ = {
			isa = PBXProject;
			attributes = {
				BuildIndependentTargetsInParallel = 1;
				LastSwiftUpdateCheck = 1540;
				LastUpgradeCheck = 1540;
				TargetAttributes = {
					EAD8FCB12C4B9B1000D997A2 = {
						CreatedOnToolsVersion = 15.4;
					};
				};
			};
			buildConfigurationList = EAD8FCAD2C4B9B1000D997A2 /* Build configuration list for PBXProject "WeatherEffects" */;
			compatibilityVersion = "Xcode 14.0";
			developmentRegion = en;
			hasScannedForEncodings = 0;
			knownRegions = (
				en,
				Base,
				ru,
			);
			mainGroup = EAD8FCA92C4B9B0F00D997A2;
			productRefGroup = EAD8FCB32C4B9B1000D997A2 /* Products */;
			projectDirPath = "";
			projectRoot = "";
			targets = (
				EAD8FCB12C4B9B1000D997A2 /* WeatherEffects */,
			);
		};
/* End PBXProject section */

/* Begin PBXResourcesBuildPhase section */
		EAD8FCB02C4B9B1000D997A2 /* Resources */ = {
			isa = PBXResourcesBuildPhase;
			buildActionMask = 2147483647;
			files = (
				EAD8FCBF2C4B9B1700D997A2 /* Assets.xcassets in Resources */,
				EAD8FCD12C4BA22700D997A2 /* Localizable.strings in Resources */,
				EAD8FCC22C4B9B1700D997A2 /* Base in Resources */,
			);
			runOnlyForDeploymentPostprocessing = 0;
		};
/* End PBXResourcesBuildPhase section */

/* Begin PBXSourcesBuildPhase section */
		EAD8FCAE2C4B9B1000D997A2 /* Sources */ = {
			isa = PBXSourcesBuildPhase;
			buildActionMask = 2147483647;
			files = (
				EA5F95992C4EA0E70070B641 /* RainEvent.swift in Sources */,
				EA5F95A92C4EC61F0070B641 /* WindyEvent.swift in Sources */,
				EAD8FCBA2C4B9B1000D997A2 /* WeatherEventsController.swift in Sources */,
				EA5F959F2C4EC29F0070B641 /* StormEvent.swift in Sources */,
				EA5F959D2C4EBFFF0070B641 /* CloudyEvent.swift in Sources */,
				EAD8FCB62C4B9B1000D997A2 /* AppDelegate.swift in Sources */,
				EAD8FCDF2C4C160800D997A2 /* UIFont+Extensions.swift in Sources */,
				EA5F95A32C4EC3FC0070B641 /* SnowWithRainEvent.swift in Sources */,
				EAD8FCE12C4C1C0700D997A2 /* ColorConstants.swift in Sources */,
				EAD8FCB82C4B9B1000D997A2 /* SceneDelegate.swift in Sources */,
				EA5F95A12C4EC3580070B641 /* SnowEvent.swift in Sources */,
				EA5F95A52C4EC4BE0070B641 /* BlizzardEvent.swift in Sources */,
				EAD8FCD82C4BE0A100D997A2 /* WeatherEvents.swift in Sources */,
				EAD8FCD52C4BC2B000D997A2 /* LocalizableStrings.swift in Sources */,
				EAD8FCDA2C4C059600D997A2 /* WeatherEventCell.swift in Sources */,
				EA5F95A72C4EC5810070B641 /* FogEvent.swift in Sources */,
				EA5F95962C4E94C60070B641 /* WeatherEffectLayer.swift in Sources */,
				EA5F959B2C4EAA980070B641 /* HeavyRainEvent.swift in Sources */,
				EA5F95AB2C4ED9530070B641 /* ClearEvent.swift in Sources */,
				EA5F95922C4D41070070B641 /* CGImage+Extensions.swift in Sources */,
				EA5F95942C4E911B0070B641 /* WeatherEffectConfigurable.swift in Sources */,
			);
			runOnlyForDeploymentPostprocessing = 0;
		};
/* End PBXSourcesBuildPhase section */

/* Begin PBXVariantGroup section */
		EAD8FCC02C4B9B1700D997A2 /* LaunchScreen.storyboard */ = {
			isa = PBXVariantGroup;
			children = (
				EAD8FCC12C4B9B1700D997A2 /* Base */,
				EAD8FCD22C4BA35B00D997A2 /* ru */,
			);
			name = LaunchScreen.storyboard;
			sourceTree = "<group>";
		};
		EAD8FCCF2C4BA22700D997A2 /* Localizable.strings */ = {
			isa = PBXVariantGroup;
			children = (
				EAD8FCD02C4BA22700D997A2 /* en */,
				EAD8FCD32C4BA35B00D997A2 /* ru */,
			);
			name = Localizable.strings;
			sourceTree = "<group>";
		};
/* End PBXVariantGroup section */

/* Begin XCBuildConfiguration section */
		EAD8FCC42C4B9B1700D997A2 /* Debug */ = {
			isa = XCBuildConfiguration;
			buildSettings = {
				ALWAYS_SEARCH_USER_PATHS = NO;
				ASSETCATALOG_COMPILER_GENERATE_SWIFT_ASSET_SYMBOL_EXTENSIONS = YES;
				CLANG_ANALYZER_LOCALIZABILITY_NONLOCALIZED = YES;
				CLANG_ANALYZER_NONNULL = YES;
				CLANG_ANALYZER_NUMBER_OBJECT_CONVERSION = YES_AGGRESSIVE;
				CLANG_CXX_LANGUAGE_STANDARD = "gnu++20";
				CLANG_ENABLE_MODULES = YES;
				CLANG_ENABLE_OBJC_ARC = YES;
				CLANG_ENABLE_OBJC_WEAK = YES;
				CLANG_WARN_BLOCK_CAPTURE_AUTORELEASING = YES;
				CLANG_WARN_BOOL_CONVERSION = YES;
				CLANG_WARN_COMMA = YES;
				CLANG_WARN_CONSTANT_CONVERSION = YES;
				CLANG_WARN_DEPRECATED_OBJC_IMPLEMENTATIONS = YES;
				CLANG_WARN_DIRECT_OBJC_ISA_USAGE = YES_ERROR;
				CLANG_WARN_DOCUMENTATION_COMMENTS = YES;
				CLANG_WARN_EMPTY_BODY = YES;
				CLANG_WARN_ENUM_CONVERSION = YES;
				CLANG_WARN_INFINITE_RECURSION = YES;
				CLANG_WARN_INT_CONVERSION = YES;
				CLANG_WARN_NON_LITERAL_NULL_CONVERSION = YES;
				CLANG_WARN_OBJC_IMPLICIT_RETAIN_SELF = YES;
				CLANG_WARN_OBJC_LITERAL_CONVERSION = YES;
				CLANG_WARN_OBJC_ROOT_CLASS = YES_ERROR;
				CLANG_WARN_QUOTED_INCLUDE_IN_FRAMEWORK_HEADER = YES;
				CLANG_WARN_RANGE_LOOP_ANALYSIS = YES;
				CLANG_WARN_STRICT_PROTOTYPES = YES;
				CLANG_WARN_SUSPICIOUS_MOVE = YES;
				CLANG_WARN_UNGUARDED_AVAILABILITY = YES_AGGRESSIVE;
				CLANG_WARN_UNREACHABLE_CODE = YES;
				CLANG_WARN__DUPLICATE_METHOD_MATCH = YES;
				COPY_PHASE_STRIP = NO;
				DEBUG_INFORMATION_FORMAT = dwarf;
				ENABLE_STRICT_OBJC_MSGSEND = YES;
				ENABLE_TESTABILITY = YES;
				ENABLE_USER_SCRIPT_SANDBOXING = YES;
				GCC_C_LANGUAGE_STANDARD = gnu17;
				GCC_DYNAMIC_NO_PIC = NO;
				GCC_NO_COMMON_BLOCKS = YES;
				GCC_OPTIMIZATION_LEVEL = 0;
				GCC_PREPROCESSOR_DEFINITIONS = (
					"DEBUG=1",
					"$(inherited)",
				);
				GCC_WARN_64_TO_32_BIT_CONVERSION = YES;
				GCC_WARN_ABOUT_RETURN_TYPE = YES_ERROR;
				GCC_WARN_UNDECLARED_SELECTOR = YES;
				GCC_WARN_UNINITIALIZED_AUTOS = YES_AGGRESSIVE;
				GCC_WARN_UNUSED_FUNCTION = YES;
				GCC_WARN_UNUSED_VARIABLE = YES;
				IPHONEOS_DEPLOYMENT_TARGET = 17.5;
				LOCALIZATION_PREFERS_STRING_CATALOGS = YES;
				MTL_ENABLE_DEBUG_INFO = INCLUDE_SOURCE;
				MTL_FAST_MATH = YES;
				ONLY_ACTIVE_ARCH = YES;
				SDKROOT = iphoneos;
				SWIFT_ACTIVE_COMPILATION_CONDITIONS = "DEBUG $(inherited)";
				SWIFT_OPTIMIZATION_LEVEL = "-Onone";
			};
			name = Debug;
		};
		EAD8FCC52C4B9B1700D997A2 /* Release */ = {
			isa = XCBuildConfiguration;
			buildSettings = {
				ALWAYS_SEARCH_USER_PATHS = NO;
				ASSETCATALOG_COMPILER_GENERATE_SWIFT_ASSET_SYMBOL_EXTENSIONS = YES;
				CLANG_ANALYZER_LOCALIZABILITY_NONLOCALIZED = YES;
				CLANG_ANALYZER_NONNULL = YES;
				CLANG_ANALYZER_NUMBER_OBJECT_CONVERSION = YES_AGGRESSIVE;
				CLANG_CXX_LANGUAGE_STANDARD = "gnu++20";
				CLANG_ENABLE_MODULES = YES;
				CLANG_ENABLE_OBJC_ARC = YES;
				CLANG_ENABLE_OBJC_WEAK = YES;
				CLANG_WARN_BLOCK_CAPTURE_AUTORELEASING = YES;
				CLANG_WARN_BOOL_CONVERSION = YES;
				CLANG_WARN_COMMA = YES;
				CLANG_WARN_CONSTANT_CONVERSION = YES;
				CLANG_WARN_DEPRECATED_OBJC_IMPLEMENTATIONS = YES;
				CLANG_WARN_DIRECT_OBJC_ISA_USAGE = YES_ERROR;
				CLANG_WARN_DOCUMENTATION_COMMENTS = YES;
				CLANG_WARN_EMPTY_BODY = YES;
				CLANG_WARN_ENUM_CONVERSION = YES;
				CLANG_WARN_INFINITE_RECURSION = YES;
				CLANG_WARN_INT_CONVERSION = YES;
				CLANG_WARN_NON_LITERAL_NULL_CONVERSION = YES;
				CLANG_WARN_OBJC_IMPLICIT_RETAIN_SELF = YES;
				CLANG_WARN_OBJC_LITERAL_CONVERSION = YES;
				CLANG_WARN_OBJC_ROOT_CLASS = YES_ERROR;
				CLANG_WARN_QUOTED_INCLUDE_IN_FRAMEWORK_HEADER = YES;
				CLANG_WARN_RANGE_LOOP_ANALYSIS = YES;
				CLANG_WARN_STRICT_PROTOTYPES = YES;
				CLANG_WARN_SUSPICIOUS_MOVE = YES;
				CLANG_WARN_UNGUARDED_AVAILABILITY = YES_AGGRESSIVE;
				CLANG_WARN_UNREACHABLE_CODE = YES;
				CLANG_WARN__DUPLICATE_METHOD_MATCH = YES;
				COPY_PHASE_STRIP = NO;
				DEBUG_INFORMATION_FORMAT = "dwarf-with-dsym";
				ENABLE_NS_ASSERTIONS = NO;
				ENABLE_STRICT_OBJC_MSGSEND = YES;
				ENABLE_USER_SCRIPT_SANDBOXING = YES;
				GCC_C_LANGUAGE_STANDARD = gnu17;
				GCC_NO_COMMON_BLOCKS = YES;
				GCC_WARN_64_TO_32_BIT_CONVERSION = YES;
				GCC_WARN_ABOUT_RETURN_TYPE = YES_ERROR;
				GCC_WARN_UNDECLARED_SELECTOR = YES;
				GCC_WARN_UNINITIALIZED_AUTOS = YES_AGGRESSIVE;
				GCC_WARN_UNUSED_FUNCTION = YES;
				GCC_WARN_UNUSED_VARIABLE = YES;
				IPHONEOS_DEPLOYMENT_TARGET = 17.5;
				LOCALIZATION_PREFERS_STRING_CATALOGS = YES;
				MTL_ENABLE_DEBUG_INFO = NO;
				MTL_FAST_MATH = YES;
				SDKROOT = iphoneos;
				SWIFT_COMPILATION_MODE = wholemodule;
				VALIDATE_PRODUCT = YES;
			};
			name = Release;
		};
		EAD8FCC72C4B9B1700D997A2 /* Debug */ = {
			isa = XCBuildConfiguration;
			buildSettings = {
				ASSETCATALOG_COMPILER_APPICON_NAME = AppIcon;
				ASSETCATALOG_COMPILER_GLOBAL_ACCENT_COLOR_NAME = AccentColor;
				CODE_SIGN_STYLE = Automatic;
				CURRENT_PROJECT_VERSION = 1;
				DEVELOPMENT_TEAM = 78U6FZ3GMX;
				GENERATE_INFOPLIST_FILE = YES;
				INFOPLIST_FILE = WeatherEffects/MainFiles/Info.plist;
				INFOPLIST_KEY_UIApplicationSupportsIndirectInputEvents = YES;
				INFOPLIST_KEY_UILaunchStoryboardName = LaunchScreen;
				INFOPLIST_KEY_UISupportedInterfaceOrientations = UIInterfaceOrientationPortrait;
				IPHONEOS_DEPLOYMENT_TARGET = 15.0;
				LD_RUNPATH_SEARCH_PATHS = (
					"$(inherited)",
					"@executable_path/Frameworks",
				);
				MARKETING_VERSION = 1.0;
				PRODUCT_BUNDLE_IDENTIFIER = "com.oleg-romanov.WeatherEffects";
				PRODUCT_NAME = "$(TARGET_NAME)";
				SWIFT_EMIT_LOC_STRINGS = YES;
				SWIFT_VERSION = 5.0;
				TARGETED_DEVICE_FAMILY = "1,2";
			};
			name = Debug;
		};
		EAD8FCC82C4B9B1700D997A2 /* Release */ = {
			isa = XCBuildConfiguration;
			buildSettings = {
				ASSETCATALOG_COMPILER_APPICON_NAME = AppIcon;
				ASSETCATALOG_COMPILER_GLOBAL_ACCENT_COLOR_NAME = AccentColor;
				CODE_SIGN_STYLE = Automatic;
				CURRENT_PROJECT_VERSION = 1;
				DEVELOPMENT_TEAM = 78U6FZ3GMX;
				GENERATE_INFOPLIST_FILE = YES;
				INFOPLIST_FILE = WeatherEffects/MainFiles/Info.plist;
				INFOPLIST_KEY_UIApplicationSupportsIndirectInputEvents = YES;
				INFOPLIST_KEY_UILaunchStoryboardName = LaunchScreen;
				INFOPLIST_KEY_UISupportedInterfaceOrientations = UIInterfaceOrientationPortrait;
				IPHONEOS_DEPLOYMENT_TARGET = 15.0;
				LD_RUNPATH_SEARCH_PATHS = (
					"$(inherited)",
					"@executable_path/Frameworks",
				);
				MARKETING_VERSION = 1.0;
				PRODUCT_BUNDLE_IDENTIFIER = "com.oleg-romanov.WeatherEffects";
				PRODUCT_NAME = "$(TARGET_NAME)";
				SWIFT_EMIT_LOC_STRINGS = YES;
				SWIFT_VERSION = 5.0;
				TARGETED_DEVICE_FAMILY = "1,2";
			};
			name = Release;
		};
/* End XCBuildConfiguration section */

/* Begin XCConfigurationList section */
		EAD8FCAD2C4B9B1000D997A2 /* Build configuration list for PBXProject "WeatherEffects" */ = {
			isa = XCConfigurationList;
			buildConfigurations = (
				EAD8FCC42C4B9B1700D997A2 /* Debug */,
				EAD8FCC52C4B9B1700D997A2 /* Release */,
			);
			defaultConfigurationIsVisible = 0;
			defaultConfigurationName = Release;
		};
		EAD8FCC62C4B9B1700D997A2 /* Build configuration list for PBXNativeTarget "WeatherEffects" */ = {
			isa = XCConfigurationList;
			buildConfigurations = (
				EAD8FCC72C4B9B1700D997A2 /* Debug */,
				EAD8FCC82C4B9B1700D997A2 /* Release */,
			);
			defaultConfigurationIsVisible = 0;
			defaultConfigurationName = Release;
		};
/* End XCConfigurationList section */
	};
	rootObject = EAD8FCAA2C4B9B1000D997A2 /* Project object */;
}
